
Microsoft Visual Studio Solution File, Format Version 12.00
# Visual Studio Version 16
VisualStudioVersion = 16.0.30413.136
MinimumVisualStudioVersion = 10.0.40219.1
Project("{FAE04EC0-301F-11D3-BF4B-00C04F79EFBC}") = "ValidationDemo", "ValidationDemo\ValidationDemo.csproj", "{AC8A6CE4-7EF9-4844-B69D-FC2C47EB73B0}"
EndProject
Global
	GlobalSection(SolutionConfigurationPlatforms) = preSolution
		Debug|Any CPU = Debug|Any CPU
		Release|Any CPU = Release|Any CPU
	EndGlobalSection
	GlobalSection(ProjectConfigurationPlatforms) = postSolution
		{AC8A6CE4-7EF9-4844-B69D-FC2C47EB73B0}.Debug|Any CPU.ActiveCfg = Debug|Any CPU
		{AC8A6CE4-7EF9-4844-B69D-FC2C47EB73B0}.Debug|Any CPU.Build.0 = Debug|Any CPU
		{AC8A6CE4-7EF9-4844-B69D-FC2C47EB73B0}.Release|Any CPU.ActiveCfg = Release|Any CPU
		{AC8A6CE4-7EF9-4844-B69D-FC2C47EB73B0}.Release|Any CPU.Build.0 = Release|Any CPU
	EndGlobalSection
	GlobalSection(SolutionProperties) = preSolution
		HideSolutionNode = FALSE
	EndGlobalSection
	GlobalSection(ExtensibilityGlobals) = postSolution
		SolutionGuid = {BD59C022-C85D-4A43-9C97-11E5B025E8CB}
	EndGlobalSection
EndGlobal
